
Microsoft Visual Studio Solution File, Format Version 12.00
# Visual Studio Version 16
VisualStudioVersion = 16.0.30128.74
MinimumVisualStudioVersion = 10.0.40219.1
Project("{888888A0-9F3D-457C-B088-3A5042F75D52}") = "Functions", "Functions.pyproj", "{43008534-0BE0-4086-8087-C3ADDF088383}"
EndProject
Global
	GlobalSection(SolutionConfigurationPlatforms) = preSolution
		Debug|Any CPU = Debug|Any CPU
		Release|Any CPU = Release|Any CPU
	EndGlobalSection
	GlobalSection(ProjectConfigurationPlatforms) = postSolution
		{43008534-0BE0-4086-8087-C3ADDF088383}.Debug|Any CPU.ActiveCfg = Debug|Any CPU
		{43008534-0BE0-4086-8087-C3ADDF088383}.Release|Any CPU.ActiveCfg = Release|Any CPU
	EndGlobalSection
	GlobalSection(SolutionProperties) = preSolution
		HideSolutionNode = FALSE
	EndGlobalSection
	GlobalSection(ExtensibilityGlobals) = postSolution
		SolutionGuid = {DD97F8DE-6CBC-4075-A88E-8B7956FF5C77}
	EndGlobalSection
EndGlobal
